<?xml version="1.0" encoding="utf-8"?>
<Project ToolsVersion="4.0" xmlns="http://schemas.microsoft.com/developer/msbuild/2003">
  <ItemGroup>
    <Filter Include="源文件">
      <UniqueIdentifier>{4FC737F1-C7A5-4376-A066-2A32D752A2FF}</UniqueIdentifier>
      <Extensions>cpp;c;cc;cxx;def;odl;idl;hpj;bat;asm;asmx</Extensions>
    </Filter>
    <Filter Include="头文件">
      <UniqueIdentifier>{93995380-89BD-4b04-88EB-625FBE52EBFB}</UniqueIdentifier>
      <Extensions>h;hh;hpp;hxx;hm;inl;inc;xsd</Extensions>
    </Filter>
    <Filter Include="资源文件">
      <UniqueIdentifier>{67DA6AB6-F800-4c08-8B7A-83BB121AAD01}</UniqueIdentifier>
      <Extensions>rc;ico;cur;bmp;dlg;rc2;rct;bin;rgs;gif;jpg;jpeg;jpe;resx;tiff;tif;png;wav;mfcribbon-ms</Extensions>
    </Filter>
  </ItemGroup>
  <ItemGroup>
    <ClCompile Include="byte_pattern.cpp">
      <Filter>源文件</Filter>
    </ClCompile>
    <ClCompile Include="dllmain.cpp">
      <Filter>源文件</Filter>
    </ClCompile>
    <ClCompile Include="version.cpp">
      <Filter>源文件</Filter>
    </ClCompile>
    <ClCompile Include="MapJustify.cpp">
      <Filter>源文件</Filter>
    </ClCompile>
    <ClCompile Include="Font.cpp">
      <Filter>源文件</Filter>
    </ClCompile>
    <ClCompile Include="DecorativeLetterEndDialog.cpp">
      <Filter>源文件</Filter>
    </ClCompile>
    <ClCompile Include="DecorativeLetterDialog.cpp">
      <Filter>源文件</Filter>
    </ClCompile>
    <ClCompile Include="DecorativeLetterInheritDialog.cpp">
      <Filter>源文件</Filter>
    </ClCompile>
    <ClCompile Include="ButtonAndTooltip.cpp">
      <Filter>源文件</Filter>
    </ClCompile>
    <ClCompile Include="MainText.cpp">
      <Filter>源文件</Filter>
    </ClCompile>
    <ClCompile Include="NickNameFix.cpp">
      <Filter>源文件</Filter>
    </ClCompile>
    <ClCompile Include="NoDynastyId.cpp">
      <Filter>源文件</Filter>
    </ClCompile>
    <ClCompile Include="IME.cpp">
      <Filter>源文件</Filter>
    </ClCompile>
    <ClCompile Include="Input.cpp">
      <Filter>源文件</Filter>
    </ClCompile>
    <ClCompile Include="Unk1.cpp">
      <Filter>源文件</Filter>
    </ClCompile>
    <ClCompile Include="Unk2.cpp">
      <Filter>源文件</Filter>
    </ClCompile>
    <ClCompile Include="Unk3.cpp">
      <Filter>源文件</Filter>
    </ClCompile>
    <ClCompile Include="Unk4.cpp">
      <Filter>源文件</Filter>
    </ClCompile>
    <ClCompile Include="Unk5.cpp">
      <Filter>源文件</Filter>
    </ClCompile>
    <ClCompile Include="issue33.cpp">
      <Filter>源文件</Filter>
    </ClCompile>
    <ClCompile Include="issue32.cpp">
      <Filter>源文件</Filter>
    </ClCompile>
    <ClCompile Include="MapView.cpp">
      <Filter>源文件</Filter>
    </ClCompile>
    <ClCompile Include="mapAdj.cpp">
      <Filter>源文件</Filter>
    </ClCompile>
    <ClCompile Include="DateFormat.cpp">
      <Filter>源文件</Filter>
    </ClCompile>
  </ItemGroup>
  <ItemGroup>
    <ClInclude Include="byte_pattern.h">
      <Filter>头文件</Filter>
    </ClInclude>
    <ClInclude Include="stdinc.h">
      <Filter>头文件</Filter>
    </ClInclude>
  </ItemGroup>
  <ItemGroup>
    <None Include="packages.config" />
  </ItemGroup>
</Project>